
Microsoft Visual Studio Solution File, Format Version 12.00
# Visual Studio Version 17
VisualStudioVersion = 17.0.31903.59
MinimumVisualStudioVersion = 10.0.40219.1
Project("{2150E333-8FDC-42A3-9474-1A3956D46DE8}") = "src", "src", "{827E0CD3-B72D-47B6-A68D-7590B98EB39B}"
EndProject
Project("{2150E333-8FDC-42A3-9474-1A3956D46DE8}") = "Core", "Core", "{8D626EA8-CB54-BC41-363A-217881BEBA6E}"
EndProject
Project("{FAE04EC0-301F-11D3-BF4B-00C04F79EFBC}") = "Kovan.Domain", "src\Core\Kovan.Domain\Kovan.Domain.csproj", "{6A57E75D-40F0-4E34-AF9B-821522E2DA74}"
EndProject
Project("{FAE04EC0-301F-11D3-BF4B-00C04F79EFBC}") = "Kovan.Application", "src\Core\Kovan.Application\Kovan.Application.csproj", "{CAB7FD07-CC84-4FAC-97FF-E2D3B737C56B}"
EndProject
Project("{2150E333-8FDC-42A3-9474-1A3956D46DE8}") = "Infrastructure", "Infrastructure", "{9048EB7F-3875-A59E-E36B-5BD4C6F2A282}"
EndProject
Project("{FAE04EC0-301F-11D3-BF4B-00C04F79EFBC}") = "Kovan.Infrastructure", "src\Infrastructure\Kovan.Infrastructure\Kovan.Infrastructure.csproj", "{3E0EFE56-B41F-4504-B410-216D1934950F}"
EndProject
Project("{2150E333-8FDC-42A3-9474-1A3956D46DE8}") = "Presentation", "Presentation", "{6996BBF7-DB31-59BC-C7DD-9A7CCC6138C4}"
EndProject
Project("{FAE04EC0-301F-11D3-BF4B-00C04F79EFBC}") = "Kovan.Api", "src\Presentation\Kovan.Api\Kovan.Api.csproj", "{48862AED-FEC0-4AB7-8B06-A416BD0420B6}"
EndProject
Project("{2150E333-8FDC-42A3-9474-1A3956D46DE8}") = "tests", "tests", "{0AB3BF05-4346-4AA6-1389-037BE0695223}"
EndProject
Project("{FAE04EC0-301F-11D3-BF4B-00C04F79EFBC}") = "Kovan.Domain.Tests", "tests\Kovan.Domain.Tests\Kovan.Domain.Tests.csproj", "{C73C3B77-7092-4D09-ABAA-93D6D3261D72}"
EndProject
Global
	GlobalSection(SolutionConfigurationPlatforms) = preSolution
		Debug|Any CPU = Debug|Any CPU
		Debug|x64 = Debug|x64
		Debug|x86 = Debug|x86
		Release|Any CPU = Release|Any CPU
		Release|x64 = Release|x64
		Release|x86 = Release|x86
	EndGlobalSection
	GlobalSection(ProjectConfigurationPlatforms) = postSolution
		{6A57E75D-40F0-4E34-AF9B-821522E2DA74}.Debug|Any CPU.ActiveCfg = Debug|Any CPU
		{6A57E75D-40F0-4E34-AF9B-821522E2DA74}.Debug|Any CPU.Build.0 = Debug|Any CPU
		{6A57E75D-40F0-4E34-AF9B-821522E2DA74}.Debug|x64.ActiveCfg = Debug|Any CPU
		{6A57E75D-40F0-4E34-AF9B-821522E2DA74}.Debug|x64.Build.0 = Debug|Any CPU
		{6A57E75D-40F0-4E34-AF9B-821522E2DA74}.Debug|x86.ActiveCfg = Debug|Any CPU
		{6A57E75D-40F0-4E34-AF9B-821522E2DA74}.Debug|x86.Build.0 = Debug|Any CPU
		{6A57E75D-40F0-4E34-AF9B-821522E2DA74}.Release|Any CPU.ActiveCfg = Release|Any CPU
		{6A57E75D-40F0-4E34-AF9B-821522E2DA74}.Release|Any CPU.Build.0 = Release|Any CPU
		{6A57E75D-40F0-4E34-AF9B-821522E2DA74}.Release|x64.ActiveCfg = Release|Any CPU
		{6A57E75D-40F0-4E34-AF9B-821522E2DA74}.Release|x64.Build.0 = Release|Any CPU
		{6A57E75D-40F0-4E34-AF9B-821522E2DA74}.Release|x86.ActiveCfg = Release|Any CPU
		{6A57E75D-40F0-4E34-AF9B-821522E2DA74}.Release|x86.Build.0 = Release|Any CPU
		{CAB7FD07-CC84-4FAC-97FF-E2D3B737C56B}.Debug|Any CPU.ActiveCfg = Debug|Any CPU
		{CAB7FD07-CC84-4FAC-97FF-E2D3B737C56B}.Debug|Any CPU.Build.0 = Debug|Any CPU
		{CAB7FD07-CC84-4FAC-97FF-E2D3B737C56B}.Debug|x64.ActiveCfg = Debug|Any CPU
		{CAB7FD07-CC84-4FAC-97FF-E2D3B737C56B}.Debug|x64.Build.0 = Debug|Any CPU
		{CAB7FD07-CC84-4FAC-97FF-E2D3B737C56B}.Debug|x86.ActiveCfg = Debug|Any CPU
		{CAB7FD07-CC84-4FAC-97FF-E2D3B737C56B}.Debug|x86.Build.0 = Debug|Any CPU
		{CAB7FD07-CC84-4FAC-97FF-E2D3B737C56B}.Release|Any CPU.ActiveCfg = Release|Any CPU
		{CAB7FD07-CC84-4FAC-97FF-E2D3B737C56B}.Release|Any CPU.Build.0 = Release|Any CPU
		{CAB7FD07-CC84-4FAC-97FF-E2D3B737C56B}.Release|x64.ActiveCfg = Release|Any CPU
		{CAB7FD07-CC84-4FAC-97FF-E2D3B737C56B}.Release|x64.Build.0 = Release|Any CPU
		{CAB7FD07-CC84-4FAC-97FF-E2D3B737C56B}.Release|x86.ActiveCfg = Release|Any CPU
		{CAB7FD07-CC84-4FAC-97FF-E2D3B737C56B}.Release|x86.Build.0 = Release|Any CPU
		{3E0EFE56-B41F-4504-B410-216D1934950F}.Debug|Any CPU.ActiveCfg = Debug|Any CPU
		{3E0EFE56-B41F-4504-B410-216D1934950F}.Debug|Any CPU.Build.0 = Debug|Any CPU
		{3E0EFE56-B41F-4504-B410-216D1934950F}.Debug|x64.ActiveCfg = Debug|Any CPU
		{3E0EFE56-B41F-4504-B410-216D1934950F}.Debug|x64.Build.0 = Debug|Any CPU
		{3E0EFE56-B41F-4504-B410-216D1934950F}.Debug|x86.ActiveCfg = Debug|Any CPU
		{3E0EFE56-B41F-4504-B410-216D1934950F}.Debug|x86.Build.0 = Debug|Any CPU
		{3E0EFE56-B41F-4504-B410-216D1934950F}.Release|Any CPU.ActiveCfg = Release|Any CPU
		{3E0EFE56-B41F-4504-B410-216D1934950F}.Release|Any CPU.Build.0 = Release|Any CPU
		{3E0EFE56-B41F-4504-B410-216D1934950F}.Release|x64.ActiveCfg = Release|Any CPU
		{3E0EFE56-B41F-4504-B410-216D1934950F}.Release|x64.Build.0 = Release|Any CPU
		{3E0EFE56-B41F-4504-B410-216D1934950F}.Release|x86.ActiveCfg = Release|Any CPU
		{3E0EFE56-B41F-4504-B410-216D1934950F}.Release|x86.Build.0 = Release|Any CPU
		{48862AED-FEC0-4AB7-8B06-A416BD0420B6}.Debug|Any CPU.ActiveCfg = Debug|Any CPU
		{48862AED-FEC0-4AB7-8B06-A416BD0420B6}.Debug|Any CPU.Build.0 = Debug|Any CPU
		{48862AED-FEC0-4AB7-8B06-A416BD0420B6}.Debug|x64.ActiveCfg = Debug|Any CPU
		{48862AED-FEC0-4AB7-8B06-A416BD0420B6}.Debug|x64.Build.0 = Debug|Any CPU
		{48862AED-FEC0-4AB7-8B06-A416BD0420B6}.Debug|x86.ActiveCfg = Debug|Any CPU
		{48862AED-FEC0-4AB7-8B06-A416BD0420B6}.Debug|x86.Build.0 = Debug|Any CPU
		{48862AED-FEC0-4AB7-8B06-A416BD0420B6}.Release|Any CPU.ActiveCfg = Release|Any CPU
		{48862AED-FEC0-4AB7-8B06-A416BD0420B6}.Release|Any CPU.Build.0 = Release|Any CPU
		{48862AED-FEC0-4AB7-8B06-A416BD0420B6}.Release|x64.ActiveCfg = Release|Any CPU
		{48862AED-FEC0-4AB7-8B06-A416BD0420B6}.Release|x64.Build.0 = Release|Any CPU
		{48862AED-FEC0-4AB7-8B06-A416BD0420B6}.Release|x86.ActiveCfg = Release|Any CPU
		{48862AED-FEC0-4AB7-8B06-A416BD0420B6}.Release|x86.Build.0 = Release|Any CPU
		{C73C3B77-7092-4D09-ABAA-93D6D3261D72}.Debug|Any CPU.ActiveCfg = Debug|Any CPU
		{C73C3B77-7092-4D09-ABAA-93D6D3261D72}.Debug|Any CPU.Build.0 = Debug|Any CPU
		{C73C3B77-7092-4D09-ABAA-93D6D3261D72}.Debug|x64.ActiveCfg = Debug|Any CPU
		{C73C3B77-7092-4D09-ABAA-93D6D3261D72}.Debug|x64.Build.0 = Debug|Any CPU
		{C73C3B77-7092-4D09-ABAA-93D6D3261D72}.Debug|x86.ActiveCfg = Debug|Any CPU
		{C73C3B77-7092-4D09-ABAA-93D6D3261D72}.Debug|x86.Build.0 = Debug|Any CPU
		{C73C3B77-7092-4D09-ABAA-93D6D3261D72}.Release|Any CPU.ActiveCfg = Release|Any CPU
		{C73C3B77-7092-4D09-ABAA-93D6D3261D72}.Release|Any CPU.Build.0 = Release|Any CPU
		{C73C3B77-7092-4D09-ABAA-93D6D3261D72}.Release|x64.ActiveCfg = Release|Any CPU
		{C73C3B77-7092-4D09-ABAA-93D6D3261D72}.Release|x64.Build.0 = Release|Any CPU
		{C73C3B77-7092-4D09-ABAA-93D6D3261D72}.Release|x86.ActiveCfg = Release|Any CPU
		{C73C3B77-7092-4D09-ABAA-93D6D3261D72}.Release|x86.Build.0 = Release|Any CPU
	EndGlobalSection
	GlobalSection(SolutionProperties) = preSolution
		HideSolutionNode = FALSE
	EndGlobalSection
	GlobalSection(NestedProjects) = preSolution
		{8D626EA8-CB54-BC41-363A-217881BEBA6E} = {827E0CD3-B72D-47B6-A68D-7590B98EB39B}
		{6A57E75D-40F0-4E34-AF9B-821522E2DA74} = {8D626EA8-CB54-BC41-363A-217881BEBA6E}
		{CAB7FD07-CC84-4FAC-97FF-E2D3B737C56B} = {8D626EA8-CB54-BC41-363A-217881BEBA6E}
		{9048EB7F-3875-A59E-E36B-5BD4C6F2A282} = {827E0CD3-B72D-47B6-A68D-7590B98EB39B}
		{3E0EFE56-B41F-4504-B410-216D1934950F} = {9048EB7F-3875-A59E-E36B-5BD4C6F2A282}
		{6996BBF7-DB31-59BC-C7DD-9A7CCC6138C4} = {827E0CD3-B72D-47B6-A68D-7590B98EB39B}
		{48862AED-FEC0-4AB7-8B06-A416BD0420B6} = {6996BBF7-DB31-59BC-C7DD-9A7CCC6138C4}
		{C73C3B77-7092-4D09-ABAA-93D6D3261D72} = {0AB3BF05-4346-4AA6-1389-037BE0695223}
	EndGlobalSection
EndGlobal
